
Microsoft Visual Studio Solution File, Format Version 10.00
# Visual Studio 2008
Project("{FAE04EC0-301F-11D3-BF4B-00C04F79EFBC}") = "Courier", "Courier\Courier.csproj", "{28920F16-6811-4DE9-86DC-23521F1DEC2F}"
EndProject
Project("{2150E333-8FDC-42A3-9474-1A3956D46DE8}") = "Solution Items", "Solution Items", "{FD7F447E-11AC-454D-9EC6-61EC2505FA79}"
	ProjectSection(SolutionItems) = preProject
		README = README
		Bin\Images\status_ok.png = Bin\Images\status_ok.png
	EndProjectSection
EndProject
Project("{2150E333-8FDC-42A3-9474-1A3956D46DE8}") = "Images", "Images", "{A0452835-DB92-42C3-9141-CEEB759F9633}"
	ProjectSection(SolutionItems) = preProject
		Bin\Images\courier_mission.png = Bin\Images\courier_mission.png
		Bin\Images\low_sec.png = Bin\Images\low_sec.png
		Bin\Images\no_missions.png = Bin\Images\no_missions.png
		Bin\Images\remote_mission.png = Bin\Images\remote_mission.png
		Bin\Images\skull.png = Bin\Images\skull.png
		Bin\Images\status_ok.png = Bin\Images\status_ok.png
		Bin\Images\undock.png = Bin\Images\undock.png
	EndProjectSection
EndProject
Global
	GlobalSection(SolutionConfigurationPlatforms) = preSolution
		Debug|Any CPU = Debug|Any CPU
		Release|Any CPU = Release|Any CPU
	EndGlobalSection
	GlobalSection(ProjectConfigurationPlatforms) = postSolution
		{28920F16-6811-4DE9-86DC-23521F1DEC2F}.Debug|Any CPU.ActiveCfg = Debug|Any CPU
		{28920F16-6811-4DE9-86DC-23521F1DEC2F}.Debug|Any CPU.Build.0 = Debug|Any CPU
		{28920F16-6811-4DE9-86DC-23521F1DEC2F}.Release|Any CPU.ActiveCfg = Release|Any CPU
		{28920F16-6811-4DE9-86DC-23521F1DEC2F}.Release|Any CPU.Build.0 = Release|Any CPU
	EndGlobalSection
	GlobalSection(SolutionProperties) = preSolution
		HideSolutionNode = FALSE
	EndGlobalSection
	GlobalSection(NestedProjects) = preSolution
		{A0452835-DB92-42C3-9141-CEEB759F9633} = {FD7F447E-11AC-454D-9EC6-61EC2505FA79}
	EndGlobalSection
EndGlobal
